{
  "name": "server",
  "version": "1.0.0",
  "lockfileVersion": 2,
  "requires": true,
  "packages": {
    "": {
      "name": "server",
      "version": "1.0.0",
      "license": "ISC",
      "dependencies": {
        "perfect-cursors": "^1.0.5",
        "uuid": "^9.0.1",
        "ws": "^8.17.0"
      }
    },
    "node_modules/@tldraw/vec": {
      "version": "1.9.2",
      "resolved": "https://registry.npmjs.org/@tldraw/vec/-/vec-1.9.2.tgz",
      "integrity": "sha512-k9vH52MRpJHjVcaahWu6VqvhLeE9h1qL5Z2gLobS9zTMpUJ59kBQPNo0VPzPlDYBpXdS4GxuB4jYQMnKvuPAZg=="
    },
    "node_modules/perfect-cursors": {
      "version": "1.0.5",
      "resolved": "https://registry.npmjs.org/perfect-cursors/-/perfect-cursors-1.0.5.tgz",
      "integrity": "sha512-LgQJj6QtF6VzYODurlhF9Ayt2liiadJZBocK98brcCC6D/dRtZlSU/r0mXWDoCdGPiO24oJB1+PZKz4p9hblWg==",
      "dependencies": {
        "@tldraw/vec": "^1.4.3"
      }
    },
    "node_modules/uuid": {
      "version": "9.0.1",
      "resolved": "https://registry.npmjs.org/uuid/-/uuid-9.0.1.tgz",
      "integrity": "sha512-b+1eJOlsR9K8HJpow9Ok3fiWOWSIcIzXodvv0rQjVoOVNpWMpxf1wZNpt4y9h10odCNrqnYp1OBzRktckBe3sA==",
      "funding": [
        "https://github.com/sponsors/broofa",
        "https://github.com/sponsors/ctavan"
      ],
      "bin": {
        "uuid": "dist/bin/uuid"
      }
    },
    "node_modules/ws": {
      "version": "8.17.0",
      "resolved": "https://registry.npmjs.org/ws/-/ws-8.17.0.tgz",
      "integrity": "sha512-uJq6108EgZMAl20KagGkzCKfMEjxmKvZHG7Tlq0Z6nOky7YF7aq4mOx6xK8TJ/i1LeK4Qus7INktacctDgY8Ow==",
      "engines": {
        "node": ">=10.0.0"
      },
      "peerDependencies": {
        "bufferutil": "^4.0.1",
        "utf-8-validate": ">=5.0.2"
      },
      "peerDependenciesMeta": {
        "bufferutil": {
          "optional": true
        },
        "utf-8-validate": {
          "optional": true
        }
      }
    }
  },
  "dependencies": {
    "@tldraw/vec": {
      "version": "1.9.2",
      "resolved": "https://registry.npmjs.org/@tldraw/vec/-/vec-1.9.2.tgz",
      "integrity": "sha512-k9vH52MRpJHjVcaahWu6VqvhLeE9h1qL5Z2gLobS9zTMpUJ59kBQPNo0VPzPlDYBpXdS4GxuB4jYQMnKvuPAZg=="
    },
    "perfect-cursors": {
      "version": "1.0.5",
      "resolved": "https://registry.npmjs.org/perfect-cursors/-/perfect-cursors-1.0.5.tgz",
      "integrity": "sha512-LgQJj6QtF6VzYODurlhF9Ayt2liiadJZBocK98brcCC6D/dRtZlSU/r0mXWDoCdGPiO24oJB1+PZKz4p9hblWg==",
      "requires": {
        "@tldraw/vec": "^1.4.3"
      }
    },
    "uuid": {
      "version": "9.0.1",
      "resolved": "https://registry.npmjs.org/uuid/-/uuid-9.0.1.tgz",
      "integrity": "sha512-b+1eJOlsR9K8HJpow9Ok3fiWOWSIcIzXodvv0rQjVoOVNpWMpxf1wZNpt4y9h10odCNrqnYp1OBzRktckBe3sA=="
    },
    "ws": {
      "version": "8.17.0",
      "resolved": "https://registry.npmjs.org/ws/-/ws-8.17.0.tgz",
      "integrity": "sha512-uJq6108EgZMAl20KagGkzCKfMEjxmKvZHG7Tlq0Z6nOky7YF7aq4mOx6xK8TJ/i1LeK4Qus7INktacctDgY8Ow==",
      "requires": {}
    }
  }
}
